{
  "name": "typescript-micro-graphql-boilerplate",
  "version": "1.0.0",
  "lockfileVersion": 1,
  "requires": true,
  "dependencies": {
    "@types/accepts": {
      "version": "1.3.5",
      "resolved": "https://r.cnpmjs.org/@types/accepts/download/@types/accepts-1.3.5.tgz",
      "integrity": "sha1-w0vsEVz8dG4E/loFnfTOfns5FXU=",
      "requires": {
        "@types/node": "9.6.6"
      }
    },
    "@types/body-parser": {
      "version": "1.17.0",
      "resolved": "https://r.cnpmjs.org/@types/body-parser/download/@types/body-parser-1.17.0.tgz",
      "integrity": "sha1-n1ydm9BLtUvjLV65/A2Ml05s9Yw=",
      "requires": {
        "@types/connect": "3.4.32",
        "@types/node": "9.6.6"
      }
    },
    "@types/bunyan": {
      "version": "1.8.4",
      "resolved": "https://r.cnpmjs.org/@types/bunyan/download/@types/bunyan-1.8.4.tgz",
      "integrity": "sha1-acEa3HtQU41F+2jZrjnQYrlDLzg=",
      "requires": {
        "@types/events": "1.2.0",
        "@types/node": "9.6.6"
      }
    },
    "@types/connect": {
      "version": "3.4.32",
      "resolved": "https://r.cnpmjs.org/@types/connect/download/@types/connect-3.4.32.tgz",
      "integrity": "sha1-qg6WFrlDXMrQK8UrW0VP/Cxwuig=",
      "requires": {
        "@types/node": "9.6.6"
      }
    },
    "@types/cookies": {
      "version": "0.7.1",
      "resolved": "https://r.cnpmjs.org/@types/cookies/download/@types/cookies-0.7.1.tgz",
      "integrity": "sha1-+fIEvWdn04nuo7h2CeMMCQx3pUA=",
      "requires": {
        "@types/connect": "3.4.32",
        "@types/express": "4.11.1",
        "@types/keygrip": "1.0.1",
        "@types/node": "9.6.6"
      }
    },
    "@types/events": {
      "version": "1.2.0",
      "resolved": "https://r.cnpmjs.org/@types/events/download/@types/events-1.2.0.tgz",
      "integrity": "sha1-gaZzHOTfQ2GeXIyUU4Oz5iqJ6oY="
    },
    "@types/express": {
      "version": "4.11.1",
      "resolved": "https://r.cnpmjs.org/@types/express/download/@types/express-4.11.1.tgz",
      "integrity": "sha1-+ZZjs6sy0EyxHbYS713Xkz91Rls=",
      "requires": {
        "@types/body-parser": "1.17.0",
        "@types/express-serve-static-core": "4.11.1",
        "@types/serve-static": "1.13.2"
      }
    },
    "@types/express-serve-static-core": {
      "version": "4.11.1",
      "resolved": "https://r.cnpmjs.org/@types/express-serve-static-core/download/@types/express-serve-static-core-4.11.1.tgz",
      "integrity": "sha1-9vchI4LVmxnWlmd7yqSKNygPXUU=",
      "requires": {
        "@types/events": "1.2.0",
        "@types/node": "9.6.6"
      }
    },
    "@types/graphql": {
      "version": "0.13.0",
      "resolved": "https://r.cnpmjs.org/@types/graphql/download/@types/graphql-0.13.0.tgz",
      "integrity": "sha1-eKM6f0KaBqZHFIF9kTDVeODzXss="
    },
    "@types/http-assert": {
      "version": "1.2.2",
      "resolved": "https://r.cnpmjs.org/@types/http-assert/download/@types/http-assert-1.2.2.tgz",
      "integrity": "sha1-F9/lqCGEqImJNdlv4urt030i2aQ="
    },
    "@types/keygrip": {
      "version": "1.0.1",
      "resolved": "https://r.cnpmjs.org/@types/keygrip/download/@types/keygrip-1.0.1.tgz",
      "integrity": "sha1-/1QEYtL7TQqIRBzq8n0oewHD2Hg="
    },
    "@types/koa": {
      "version": "2.0.45",
      "resolved": "https://r.cnpmjs.org/@types/koa/download/@types/koa-2.0.45.tgz",
      "integrity": "sha1-Ezy9psyNErc0NLXZZjiYyDP4CqI=",
      "requires": {
        "@types/accepts": "1.3.5",
        "@types/cookies": "0.7.1",
        "@types/events": "1.2.0",
        "@types/http-assert": "1.2.2",
        "@types/keygrip": "1.0.1",
        "@types/koa-compose": "3.2.2",
        "@types/node": "9.6.6"
      }
    },
    "@types/koa-bodyparser": {
      "version": "4.2.0",
      "resolved": "https://r.cnpmjs.org/@types/koa-bodyparser/download/@types/koa-bodyparser-4.2.0.tgz",
      "integrity": "sha1-BP68Vn89PdQOPRoOCVzfewfE184=",
      "requires": {
        "@types/koa": "2.0.45"
      }
    },
    "@types/koa-compose": {
      "version": "3.2.2",
      "resolved": "https://r.cnpmjs.org/@types/koa-compose/download/@types/koa-compose-3.2.2.tgz",
      "integrity": "sha1-3BBuAAu/kqOskA91bfRzRIh+6Ec="
    },
    "@types/koa-router": {
      "version": "7.0.28",
      "resolved": "https://r.cnpmjs.org/@types/koa-router/download/@types/koa-router-7.0.28.tgz",
      "integrity": "sha1-Z0h8hiqDEJmu2IZKiZa/p+mJ7cA=",
      "requires": {
        "@types/koa": "2.0.45"
      }
    },
    "@types/micro": {
      "version": "7.3.1",
      "resolved": "https://r.cnpmjs.org/@types/micro/download/@types/micro-7.3.1.tgz",
      "integrity": "sha1-1ApHt+5oD3GD8wUtNvou16EY4vk="
    },
    "@types/microrouter": {
      "version": "2.2.2",
      "resolved": "https://r.cnpmjs.org/@types/microrouter/download/@types/microrouter-2.2.2.tgz",
      "integrity": "sha1-7b4gJlHrqZ6tix4kygVzwTayKAo=",
      "requires": {
        "@types/micro": "7.3.1",
        "@types/node": "9.6.6"
      }
    },
    "@types/mime": {
      "version": "2.0.0",
      "resolved": "https://r.cnpmjs.org/@types/mime/download/@types/mime-2.0.0.tgz",
      "integrity": "sha1-WnMG42fFObn2VDSZ3o3VGfrDeos="
    },
    "@types/node": {
      "version": "9.6.6",
      "resolved": "https://r.cnpmjs.org/@types/node/download/@types/node-9.6.6.tgz",
      "integrity": "sha1-Q5uR+crzmDytLu8eEfa+3L+UMdI="
    },
    "@types/restify": {
      "version": "5.0.8",
      "resolved": "https://r.cnpmjs.org/@types/restify/download/@types/restify-5.0.8.tgz",
      "integrity": "sha1-bP46bkrRo7j80VLNWyt7buIoLLY=",
      "requires": {
        "@types/bunyan": "1.8.4",
        "@types/node": "9.6.6",
        "@types/spdy": "3.4.4"
      }
    },
    "@types/serve-static": {
      "version": "1.13.2",
      "resolved": "https://r.cnpmjs.org/@types/serve-static/download/@types/serve-static-1.13.2.tgz",
      "integrity": "sha1-9axNemQgqZpqRa9HGfTc2M2Qekg=",
      "requires": {
        "@types/express-serve-static-core": "4.11.1",
        "@types/mime": "2.0.0"
      }
    },
    "@types/spdy": {
      "version": "3.4.4",
      "resolved": "https://r.cnpmjs.org/@types/spdy/download/@types/spdy-3.4.4.tgz",
      "integrity": "sha1-MoL9StjEYDqkn3AX3VIKCKNFsrw=",
      "requires": {
        "@types/node": "9.6.6"
      }
    },
    "ansi-styles": {
      "version": "3.2.1",
      "resolved": "https://r.cnpmjs.org/ansi-styles/download/ansi-styles-3.2.1.tgz",
      "integrity": "sha1-QfuyAkPlCxK+DwS43tvwdSDOhB0=",
      "requires": {
        "color-convert": "1.9.1"
      }
    },
    "apollo-cache-control": {
      "version": "0.1.1",
      "resolved": "https://r.cnpmjs.org/apollo-cache-control/download/apollo-cache-control-0.1.1.tgz",
      "integrity": "sha1-Fz0UzrPrnny1Pefri2G+5hWdQXE=",
      "requires": {
        "graphql-extensions": "0.0.10"
      }
    },
    "apollo-engine": {
      "version": "1.1.1",
      "resolved": "https://r.cnpmjs.org/apollo-engine/download/apollo-engine-1.1.1.tgz",
      "integrity": "sha1-Xg6o8dbSO1uTHO5UBMRyiTBFsgE=",
      "requires": {
        "@types/connect": "3.4.32",
        "@types/express": "4.11.1",
        "@types/koa": "2.0.45",
        "@types/koa-bodyparser": "4.2.0",
        "@types/koa-router": "7.0.28",
        "@types/restify": "5.0.8",
        "apollo-engine-binary-darwin": "0.2018.4-86-gf35bdc892",
        "apollo-engine-binary-windows": "0.2018.4-86-gf35bdc892"
      }
    },
    "apollo-engine-binary-darwin": {
      "version": "0.2018.4-86-gf35bdc892",
      "resolved": "https://r.cnpmjs.org/apollo-engine-binary-darwin/download/apollo-engine-binary-darwin-0.2018.4-86-gf35bdc892.tgz",
      "integrity": "sha1-8eSuS3Kv2ymAOdAjDjjauHdMiJA=",
      "optional": true
    },
    "apollo-engine-binary-windows": {
      "version": "0.2018.4-86-gf35bdc892",
      "resolved": "https://r.cnpmjs.org/apollo-engine-binary-windows/download/apollo-engine-binary-windows-0.2018.4-86-gf35bdc892.tgz",
      "integrity": "sha1-HgL4zrn3WrclUfWEpHMCYJB+8Zk=",
      "optional": true
    },
    "apollo-link": {
      "version": "1.2.1",
      "resolved": "https://r.cnpmjs.org/apollo-link/download/apollo-link-1.2.1.tgz",
      "integrity": "sha1-wSCxYFn5vZNAG59yuU0vgPPzBdI=",
      "requires": {
        "@types/node": "9.6.6",
        "apollo-utilities": "1.0.11",
        "zen-observable-ts": "0.8.9"
      }
    },
    "apollo-server-core": {
      "version": "1.3.6",
      "resolved": "https://r.cnpmjs.org/apollo-server-core/download/apollo-server-core-1.3.6.tgz",
      "integrity": "sha1-CGNiQ8LeVvqMJn1o3WAssfvTI+M=",
      "requires": {
        "apollo-cache-control": "0.1.1",
        "apollo-tracing": "0.1.4",
        "graphql-extensions": "0.0.10"
      }
    },
    "apollo-server-micro": {
      "version": "1.3.6",
      "resolved": "https://r.cnpmjs.org/apollo-server-micro/download/apollo-server-micro-1.3.6.tgz",
      "integrity": "sha1-Cs7k+TEdzz4fbi377hp3tiWl5LA=",
      "requires": {
        "apollo-server-core": "1.3.6",
        "apollo-server-module-graphiql": "1.3.4"
      }
    },
    "apollo-server-module-graphiql": {
      "version": "1.3.4",
      "resolved": "https://r.cnpmjs.org/apollo-server-module-graphiql/download/apollo-server-module-graphiql-1.3.4.tgz",
      "integrity": "sha1-UDmbfFG3Jn0MhBUp9Rc+X8cwTeQ="
    },
    "apollo-tracing": {
      "version": "0.1.4",
      "resolved": "https://r.cnpmjs.org/apollo-tracing/download/apollo-tracing-0.1.4.tgz",
      "integrity": "sha1-W4rhsBUmsWDublUqfxMZI6mu3Mc=",
      "requires": {
        "graphql-extensions": "0.0.10"
      }
    },
    "apollo-utilities": {
      "version": "1.0.11",
      "resolved": "https://r.cnpmjs.org/apollo-utilities/download/apollo-utilities-1.0.11.tgz",
      "integrity": "sha1-zTa/puXATuosrwwgSg84oK1VCAI="
    },
    "arg": {
      "version": "2.0.0",
      "resolved": "https://r.cnpmjs.org/arg/download/arg-2.0.0.tgz",
      "integrity": "sha1-wG5/9pqwWzpKA+vgQH+sTLpldUU="
    },
    "buffer-from": {
      "version": "1.0.0",
      "resolved": "https://r.cnpmjs.org/buffer-from/download/buffer-from-1.0.0.tgz",
      "integrity": "sha1-TLiDLSNhJYmwQG6eKVbBfwb99TE="
    },
    "bytes": {
      "version": "3.0.0",
      "resolved": "https://r.cnpmjs.org/bytes/download/bytes-3.0.0.tgz",
      "integrity": "sha1-0ygVQE1olpn4Wk6k+odV3ROpYEg="
    },
    "chalk": {
      "version": "2.4.0",
      "resolved": "https://r.cnpmjs.org/chalk/download/chalk-2.4.0.tgz",
      "integrity": "sha1-oGCil6a1fhW2HKY86EmV2qD+blI=",
      "requires": {
        "ansi-styles": "3.2.1",
        "escape-string-regexp": "1.0.5",
        "supports-color": "5.4.0"
      }
    },
    "color-convert": {
      "version": "1.9.1",
      "resolved": "https://r.cnpmjs.org/color-convert/download/color-convert-1.9.1.tgz",
      "integrity": "sha1-wSYRB66y8pTr/+ye2eytUppgl+0=",
      "requires": {
        "color-name": "1.1.3"
      }
    },
    "color-name": {
      "version": "1.1.3",
      "resolved": "https://r.cnpmjs.org/color-name/download/color-name-1.1.3.tgz",
      "integrity": "sha1-p9BVi9icQveV3UIyj3QIMcpTvCU="
    },
    "content-type": {
      "version": "1.0.4",
      "resolved": "https://r.cnpmjs.org/content-type/download/content-type-1.0.4.tgz",
      "integrity": "sha1-4TjMdeBAxyexlm/l5fjJruJW/js="
    },
    "core-js": {
      "version": "2.5.5",
      "resolved": "https://r.cnpmjs.org/core-js/download/core-js-2.5.5.tgz",
      "integrity": "sha1-sU3ek2xkDAV5prUMq8wTLdYSfjs="
    },
    "depd": {
      "version": "1.1.1",
      "resolved": "https://r.cnpmjs.org/depd/download/depd-1.1.1.tgz",
      "integrity": "sha1-V4O04cRZ8G+lyif5kfPQbnoxA1k="
    },
    "deprecated-decorator": {
      "version": "0.1.6",
      "resolved": "https://r.cnpmjs.org/deprecated-decorator/download/deprecated-decorator-0.1.6.tgz",
      "integrity": "sha1-AJZjF7ehL+kvPMgx91g68ym4bDc="
    },
    "escape-string-regexp": {
      "version": "1.0.5",
      "resolved": "https://r.cnpmjs.org/escape-string-regexp/download/escape-string-regexp-1.0.5.tgz",
      "integrity": "sha1-G2HAViGQqN/2rjuyzwIAyhMLhtQ="
    },
    "graphql": {
      "version": "0.13.2",
      "resolved": "https://r.cnpmjs.org/graphql/download/graphql-0.13.2.tgz",
      "integrity": "sha1-THQK48Iigj5wBAlvgy57k7IQgnA=",
      "requires": {
        "iterall": "1.2.2"
      }
    },
    "graphql-extensions": {
      "version": "0.0.10",
      "resolved": "https://r.cnpmjs.org/graphql-extensions/download/graphql-extensions-0.0.10.tgz",
      "integrity": "sha1-NL2yVG1D9qW8iasjwpXsBGbGhD0=",
      "requires": {
        "core-js": "2.5.5",
        "source-map-support": "0.5.5"
      }
    },
    "graphql-import": {
      "version": "0.5.2",
      "resolved": "https://r.cnpmjs.org/graphql-import/download/graphql-import-0.5.2.tgz",
      "integrity": "sha1-1+BdwH0tZujYxL1AhlD5/a7duPg=",
      "requires": {
        "lodash": "4.17.10"
      }
    },
    "graphql-tools": {
      "version": "3.0.0",
      "resolved": "https://r.cnpmjs.org/graphql-tools/download/graphql-tools-3.0.0.tgz",
      "integrity": "sha1-/yKtFTFfwmjehjnQOTa5EdeLnps=",
      "requires": {
        "apollo-link": "1.2.1",
        "apollo-utilities": "1.0.11",
        "deprecated-decorator": "0.1.6",
        "iterall": "1.2.2",
        "uuid": "3.2.1"
      }
    },
    "has-flag": {
      "version": "3.0.0",
      "resolved": "https://r.cnpmjs.org/has-flag/download/has-flag-3.0.0.tgz",
      "integrity": "sha1-tdRU3CGZriJWmfNGfloH87lVuv0="
    },
    "http-errors": {
      "version": "1.6.2",
      "resolved": "https://r.cnpmjs.org/http-errors/download/http-errors-1.6.2.tgz",
      "integrity": "sha1-CgAsyFcHGSp+eUbO7cERVfYOxzY=",
      "requires": {
        "depd": "1.1.1",
        "inherits": "2.0.3",
        "setprototypeof": "1.0.3",
        "statuses": "1.5.0"
      }
    },
    "iconv-lite": {
      "version": "0.4.19",
      "resolved": "https://r.cnpmjs.org/iconv-lite/download/iconv-lite-0.4.19.tgz",
      "integrity": "sha1-90aPYBNfXl2tM5nAqBvpoWA6CCs="
    },
    "inherits": {
      "version": "2.0.3",
      "resolved": "https://r.cnpmjs.org/inherits/download/inherits-2.0.3.tgz",
      "integrity": "sha1-Yzwsg+PaQqUC9SRmAiSA9CCCYd4="
    },
    "is-stream": {
      "version": "1.1.0",
      "resolved": "https://r.cnpmjs.org/is-stream/download/is-stream-1.1.0.tgz",
      "integrity": "sha1-EtSj3U5o4Lec6428hBc66A2RykQ="
    },
    "iterall": {
      "version": "1.2.2",
      "resolved": "https://r.cnpmjs.org/iterall/download/iterall-1.2.2.tgz",
      "integrity": "sha1-ktcN64Ao4MOf8xZP2/TYsIgTDNc="
    },
    "lodash": {
      "version": "4.17.10",
      "resolved": "https://r.cnpmjs.org/lodash/download/lodash-4.17.10.tgz",
      "integrity": "sha1-G3eTz3JZ6jj7NmHU04syYK+K5Oc="
    },
    "micro": {
      "version": "9.3.0",
      "resolved": "https://r.cnpmjs.org/micro/download/micro-9.3.0.tgz",
      "integrity": "sha1-ALWzzUVBG/beFx/TOVls5UmgePc=",
      "requires": {
        "arg": "2.0.0",
        "chalk": "2.4.0",
        "content-type": "1.0.4",
        "is-stream": "1.1.0",
        "raw-body": "2.3.2"
      }
    },
    "microrouter": {
      "version": "3.1.2",
      "resolved": "https://r.cnpmjs.org/microrouter/download/microrouter-3.1.2.tgz",
      "integrity": "sha1-0Jijq0YBYAQbAd77yJsNjvOlzyU=",
      "requires": {
        "url-pattern": "1.0.3"
      }
    },
    "raw-body": {
      "version": "2.3.2",
      "resolved": "https://r.cnpmjs.org/raw-body/download/raw-body-2.3.2.tgz",
      "integrity": "sha1-vNYMd9Prk83gBQKVw/N5OJvIj4k=",
      "requires": {
        "bytes": "3.0.0",
        "http-errors": "1.6.2",
        "iconv-lite": "0.4.19",
        "unpipe": "1.0.0"
      }
    },
    "setprototypeof": {
      "version": "1.0.3",
      "resolved": "https://r.cnpmjs.org/setprototypeof/download/setprototypeof-1.0.3.tgz",
      "integrity": "sha1-ZlZ+NwQ+608E2RvWWMDL77VbjgQ="
    },
    "source-map-support": {
      "version": "0.5.5",
      "resolved": "https://r.cnpmjs.org/source-map-support/download/source-map-support-0.5.5.tgz",
      "integrity": "sha1-DUr54AST6FVALo7Dbr7S0mb865A=",
      "requires": {
        "buffer-from": "1.0.0",
        "source-map": "0.6.1"
      },
      "dependencies": {
        "source-map": {
          "version": "0.6.1",
          "resolved": "https://r.cnpmjs.org/source-map/download/source-map-0.6.1.tgz",
          "integrity": "sha1-dHIq8y6WFOnCh6jQu95IteLxomM="
        }
      }
    },
    "statuses": {
      "version": "1.5.0",
      "resolved": "https://r.cnpmjs.org/statuses/download/statuses-1.5.0.tgz",
      "integrity": "sha1-Fhx9rBd2Wf2YEfQ3cfqZOBR4Yow="
    },
    "supports-color": {
      "version": "5.4.0",
      "resolved": "https://r.cnpmjs.org/supports-color/download/supports-color-5.4.0.tgz",
      "integrity": "sha1-HGszdALCE3YF7+GfEP7DkPb6q1Q=",
      "requires": {
        "has-flag": "3.0.0"
      }
    },
    "typescript": {
      "version": "2.8.3",
      "resolved": "https://r.cnpmjs.org/typescript/download/typescript-2.8.3.tgz",
      "integrity": "sha1-XYF/m28xu4cYNfTt8AifIavmwXA="
    },
    "unpipe": {
      "version": "1.0.0",
      "resolved": "https://r.cnpmjs.org/unpipe/download/unpipe-1.0.0.tgz",
      "integrity": "sha1-sr9O6FFKrmFltIF4KdIbLvSZBOw="
    },
    "url-pattern": {
      "version": "1.0.3",
      "resolved": "https://r.cnpmjs.org/url-pattern/download/url-pattern-1.0.3.tgz",
      "integrity": "sha1-BAkpJHGyTyPFDWWkeTF5PStaz8E="
    },
    "uuid": {
      "version": "3.2.1",
      "resolved": "https://r.cnpmjs.org/uuid/download/uuid-3.2.1.tgz",
      "integrity": "sha1-EsUou51Y0LkmXZovbw/ovhf/HxQ="
    },
    "zen-observable": {
      "version": "0.8.8",
      "resolved": "https://r.cnpmjs.org/zen-observable/download/zen-observable-0.8.8.tgz",
      "integrity": "sha1-Hqk5lb8Jh1SlghWh4KcwnldJ7EI="
    },
    "zen-observable-ts": {
      "version": "0.8.9",
      "resolved": "https://r.cnpmjs.org/zen-observable-ts/download/zen-observable-ts-0.8.9.tgz",
      "integrity": "sha1-08l68IwK/co368rffMPulr2purE=",
      "requires": {
        "zen-observable": "0.8.8"
      }
    }
  }
}
